// !$*UTF8*$!
{
	archiveVersion = 1;
	classes = {
	};
	objectVersion = 56;
	objects = {

/* Begin PBXBuildFile section */
		CD3E6695298FE23900434348 /* AppDelegate.swift in Sources */ = {isa = PBXBuildFile; fileRef = CD3E6694298FE23900434348 /* AppDelegate.swift */; };
		CD3E6697298FE23900434348 /* SceneDelegate.swift in Sources */ = {isa = PBXBuildFile; fileRef = CD3E6696298FE23900434348 /* SceneDelegate.swift */; };
		CD3E6699298FE23900434348 /* ViewController.swift in Sources */ = {isa = PBXBuildFile; fileRef = CD3E6698298FE23900434348 /* ViewController.swift */; };
		CD3E669C298FE23900434348 /* Main.storyboard in Resources */ = {isa = PBXBuildFile; fileRef = CD3E669A298FE23900434348 /* Main.storyboard */; };
		CD3E669E298FE23A00434348 /* Assets.xcassets in Resources */ = {isa = PBXBuildFile; fileRef = CD3E669D298FE23A00434348 /* Assets.xcassets */; };
		CD3E66A1298FE23A00434348 /* LaunchScreen.storyboard in Resources */ = {isa = PBXBuildFile; fileRef = CD3E669F298FE23A00434348 /* LaunchScreen.storyboard */; };
		CDBFF69429919E74004A8A98 /* NewsCell.swift in Sources */ = {isa = PBXBuildFile; fileRef = CDBFF69329919E74004A8A98 /* NewsCell.swift */; };
		CDBFF69C2991C1A1004A8A98 /* NotificationModel.swift in Sources */ = {isa = PBXBuildFile; fileRef = CDBFF69B2991C1A1004A8A98 /* NotificationModel.swift */; };
		CDBFF69E2991E135004A8A98 /* response.json in Resources */ = {isa = PBXBuildFile; fileRef = CDBFF69D2991E135004A8A98 /* response.json */; };
		CDF3798D2990246C00B1F3FB /* IkinciViewController.swift in Sources */ = {isa = PBXBuildFile; fileRef = CDF3798C2990246C00B1F3FB /* IkinciViewController.swift */; };
/* End PBXBuildFile section */

/* Begin PBXFileReference section */
		CD3E6691298FE23900434348 /* CApp.app */ = {isa = PBXFileReference; explicitFileType = wrapper.application; includeInIndex = 0; path = CApp.app; sourceTree = BUILT_PRODUCTS_DIR; };
		CD3E6694298FE23900434348 /* AppDelegate.swift */ = {isa = PBXFileReference; lastKnownFileType = sourcecode.swift; path = AppDelegate.swift; sourceTree = "<group>"; };
		CD3E6696298FE23900434348 /* SceneDelegate.swift */ = {isa = PBXFileReference; lastKnownFileType = sourcecode.swift; path = SceneDelegate.swift; sourceTree = "<group>"; };
		CD3E6698298FE23900434348 /* ViewController.swift */ = {isa = PBXFileReference; lastKnownFileType = sourcecode.swift; path = ViewController.swift; sourceTree = "<group>"; };
		CD3E669B298FE23900434348 /* Base */ = {isa = PBXFileReference; lastKnownFileType = file.storyboard; name = Base; path = Base.lproj/Main.storyboard; sourceTree = "<group>"; };
		CD3E669D298FE23A00434348 /* Assets.xcassets */ = {isa = PBXFileReference; lastKnownFileType = folder.assetcatalog; path = Assets.xcassets; sourceTree = "<group>"; };
		CD3E66A0298FE23A00434348 /* Base */ = {isa = PBXFileReference; lastKnownFileType = file.storyboard; name = Base; path = Base.lproj/LaunchScreen.storyboard; sourceTree = "<group>"; };
		CD3E66A2298FE23A00434348 /* Info.plist */ = {isa = PBXFileReference; lastKnownFileType = text.plist.xml; path = Info.plist; sourceTree = "<group>"; };
		CDBFF69329919E74004A8A98 /* NewsCell.swift */ = {isa = PBXFileReference; lastKnownFileType = sourcecode.swift; path = NewsCell.swift; sourceTree = "<group>"; };
		CDBFF69B2991C1A1004A8A98 /* NotificationModel.swift */ = {isa = PBXFileReference; lastKnownFileType = sourcecode.swift; path = NotificationModel.swift; sourceTree = "<group>"; };
		CDBFF69D2991E135004A8A98 /* response.json */ = {isa = PBXFileReference; fileEncoding = 4; lastKnownFileType = text.json; name = response.json; path = ../../../response.json; sourceTree = "<group>"; };
		CDF3798C2990246C00B1F3FB /* IkinciViewController.swift */ = {isa = PBXFileReference; lastKnownFileType = sourcecode.swift; path = IkinciViewController.swift; sourceTree = "<group>"; };
/* End PBXFileReference section */

/* Begin PBXFrameworksBuildPhase section */
		CD3E668E298FE23900434348 /* Frameworks */ = {
			isa = PBXFrameworksBuildPhase;
			buildActionMask = 2147483647;
			files = (
			);
			runOnlyForDeploymentPostprocessing = 0;
		};
/* End PBXFrameworksBuildPhase section */

/* Begin PBXGroup section */
		CD3E6688298FE23900434348 = {
			isa = PBXGroup;
			children = (
				CD3E6693298FE23900434348 /* CApp */,
				CD3E6692298FE23900434348 /* Products */,
			);
			sourceTree = "<group>";
		};
		CD3E6692298FE23900434348 /* Products */ = {
			isa = PBXGroup;
			children = (
				CD3E6691298FE23900434348 /* CApp.app */,
			);
			name = Products;
			sourceTree = "<group>";
		};
		CD3E6693298FE23900434348 /* CApp */ = {
			isa = PBXGroup;
			children = (
				CDBFF6972991C101004A8A98 /* ViewModel */,
				CDBFF69A2991C15C004A8A98 /* Service */,
				CDBFF6992991C130004A8A98 /* Model */,
				CDBFF6982991C111004A8A98 /* View */,
				CD3E669A298FE23900434348 /* Main.storyboard */,
				CD3E669D298FE23A00434348 /* Assets.xcassets */,
				CD3E669F298FE23A00434348 /* LaunchScreen.storyboard */,
				CD3E66A2298FE23A00434348 /* Info.plist */,
			);
			path = CApp;
			sourceTree = "<group>";
		};
		CDBFF6972991C101004A8A98 /* ViewModel */ = {
			isa = PBXGroup;
			children = (
			);
			path = ViewModel;
			sourceTree = "<group>";
		};
		CDBFF6982991C111004A8A98 /* View */ = {
			isa = PBXGroup;
			children = (
				CD3E6694298FE23900434348 /* AppDelegate.swift */,
				CD3E6696298FE23900434348 /* SceneDelegate.swift */,
				CD3E6698298FE23900434348 /* ViewController.swift */,
				CDF3798C2990246C00B1F3FB /* IkinciViewController.swift */,
				CDBFF69329919E74004A8A98 /* NewsCell.swift */,
			);
			path = View;
			sourceTree = "<group>";
		};
		CDBFF6992991C130004A8A98 /* Model */ = {
			isa = PBXGroup;
			children = (
				CDBFF69B2991C1A1004A8A98 /* NotificationModel.swift */,
			);
			path = Model;
			sourceTree = "<group>";
		};
		CDBFF69A2991C15C004A8A98 /* Service */ = {
			isa = PBXGroup;
			children = (
				CDBFF69D2991E135004A8A98 /* response.json */,
			);
			path = Service;
			sourceTree = "<group>";
		};
/* End PBXGroup section */

/* Begin PBXNativeTarget section */
		CD3E6690298FE23900434348 /* CApp */ = {
			isa = PBXNativeTarget;
			buildConfigurationList = CD3E66A5298FE23A00434348 /* Build configuration list for PBXNativeTarget "CApp" */;
			buildPhases = (
				CD3E668D298FE23900434348 /* Sources */,
				CD3E668E298FE23900434348 /* Frameworks */,
				CD3E668F298FE23900434348 /* Resources */,
			);
			buildRules = (
			);
			dependencies = (
			);
			name = CApp;
			productName = CApp;
			productReference = CD3E6691298FE23900434348 /* CApp.app */;
			productType = "com.apple.product-type.application";
		};
/* End PBXNativeTarget section */

/* Begin PBXProject section */
		CD3E6689298FE23900434348 /* Project object */ = {
			isa = PBXProject;
			attributes = {
				BuildIndependentTargetsInParallel = 1;
				LastSwiftUpdateCheck = 1400;
				LastUpgradeCheck = 1400;
				TargetAttributes = {
					CD3E6690298FE23900434348 = {
						CreatedOnToolsVersion = 14.0;
					};
				};
			};
			buildConfigurationList = CD3E668C298FE23900434348 /* Build configuration list for PBXProject "CApp" */;
			compatibilityVersion = "Xcode 14.0";
			developmentRegion = en;
			hasScannedForEncodings = 0;
			knownRegions = (
				en,
				Base,
			);
			mainGroup = CD3E6688298FE23900434348;
			productRefGroup = CD3E6692298FE23900434348 /* Products */;
			projectDirPath = "";
			projectRoot = "";
			targets = (
				CD3E6690298FE23900434348 /* CApp */,
			);
		};
/* End PBXProject section */

/* Begin PBXResourcesBuildPhase section */
		CD3E668F298FE23900434348 /* Resources */ = {
			isa = PBXResourcesBuildPhase;
			buildActionMask = 2147483647;
			files = (
				CDBFF69E2991E135004A8A98 /* response.json in Resources */,
				CD3E66A1298FE23A00434348 /* LaunchScreen.storyboard in Resources */,
				CD3E669E298FE23A00434348 /* Assets.xcassets in Resources */,
				CD3E669C298FE23900434348 /* Main.storyboard in Resources */,
			);
			runOnlyForDeploymentPostprocessing = 0;
		};
/* End PBXResourcesBuildPhase section */

/* Begin PBXSourcesBuildPhase section */
		CD3E668D298FE23900434348 /* Sources */ = {
			isa = PBXSourcesBuildPhase;
			buildActionMask = 2147483647;
			files = (
				CDBFF69C2991C1A1004A8A98 /* NotificationModel.swift in Sources */,
				CD3E6699298FE23900434348 /* ViewController.swift in Sources */,
				CD3E6695298FE23900434348 /* AppDelegate.swift in Sources */,
				CD3E6697298FE23900434348 /* SceneDelegate.swift in Sources */,
				CDF3798D2990246C00B1F3FB /* IkinciViewController.swift in Sources */,
				CDBFF69429919E74004A8A98 /* NewsCell.swift in Sources */,
			);
			runOnlyForDeploymentPostprocessing = 0;
		};
/* End PBXSourcesBuildPhase section */

/* Begin PBXVariantGroup section */
		CD3E669A298FE23900434348 /* Main.storyboard */ = {
			isa = PBXVariantGroup;
			children = (
				CD3E669B298FE23900434348 /* Base */,
			);
			name = Main.storyboard;
			sourceTree = "<group>";
		};
		CD3E669F298FE23A00434348 /* LaunchScreen.storyboard */ = {
			isa = PBXVariantGroup;
			children = (
				CD3E66A0298FE23A00434348 /* Base */,
			);
			name = LaunchScreen.storyboard;
			sourceTree = "<group>";
		};
/* End PBXVariantGroup section */

/* Begin XCBuildConfiguration section */
		CD3E66A3298FE23A00434348 /* Debug */ = {
			isa = XCBuildConfiguration;
			buildSettings = {
				ALWAYS_SEARCH_USER_PATHS = NO;
				CLANG_ANALYZER_NONNULL = YES;
				CLANG_ANALYZER_NUMBER_OBJECT_CONVERSION = YES_AGGRESSIVE;
				CLANG_CXX_LANGUAGE_STANDARD = "gnu++20";
				CLANG_ENABLE_MODULES = YES;
				CLANG_ENABLE_OBJC_ARC = YES;
				CLANG_ENABLE_OBJC_WEAK = YES;
				CLANG_WARN_BLOCK_CAPTURE_AUTORELEASING = YES;
				CLANG_WARN_BOOL_CONVERSION = YES;
				CLANG_WARN_COMMA = YES;
				CLANG_WARN_CONSTANT_CONVERSION = YES;
				CLANG_WARN_DEPRECATED_OBJC_IMPLEMENTATIONS = YES;
				CLANG_WARN_DIRECT_OBJC_ISA_USAGE = YES_ERROR;
				CLANG_WARN_DOCUMENTATION_COMMENTS = YES;
				CLANG_WARN_EMPTY_BODY = YES;
				CLANG_WARN_ENUM_CONVERSION = YES;
				CLANG_WARN_INFINITE_RECURSION = YES;
				CLANG_WARN_INT_CONVERSION = YES;
				CLANG_WARN_NON_LITERAL_NULL_CONVERSION = YES;
				CLANG_WARN_OBJC_IMPLICIT_RETAIN_SELF = YES;
				CLANG_WARN_OBJC_LITERAL_CONVERSION = YES;
				CLANG_WARN_OBJC_ROOT_CLASS = YES_ERROR;
				CLANG_WARN_QUOTED_INCLUDE_IN_FRAMEWORK_HEADER = YES;
				CLANG_WARN_RANGE_LOOP_ANALYSIS = YES;
				CLANG_WARN_STRICT_PROTOTYPES = YES;
				CLANG_WARN_SUSPICIOUS_MOVE = YES;
				CLANG_WARN_UNGUARDED_AVAILABILITY = YES_AGGRESSIVE;
				CLANG_WARN_UNREACHABLE_CODE = YES;
				CLANG_WARN__DUPLICATE_METHOD_MATCH = YES;
				COPY_PHASE_STRIP = NO;
				DEBUG_INFORMATION_FORMAT = dwarf;
				ENABLE_STRICT_OBJC_MSGSEND = YES;
				ENABLE_TESTABILITY = YES;
				GCC_C_LANGUAGE_STANDARD = gnu11;
				GCC_DYNAMIC_NO_PIC = NO;
				GCC_NO_COMMON_BLOCKS = YES;
				GCC_OPTIMIZATION_LEVEL = 0;
				GCC_PREPROCESSOR_DEFINITIONS = (
					"DEBUG=1",
					"$(inherited)",
				);
				GCC_WARN_64_TO_32_BIT_CONVERSION = YES;
				GCC_WARN_ABOUT_RETURN_TYPE = YES_ERROR;
				GCC_WARN_UNDECLARED_SELECTOR = YES;
				GCC_WARN_UNINITIALIZED_AUTOS = YES_AGGRESSIVE;
				GCC_WARN_UNUSED_FUNCTION = YES;
				GCC_WARN_UNUSED_VARIABLE = YES;
				IPHONEOS_DEPLOYMENT_TARGET = 16.0;
				MTL_ENABLE_DEBUG_INFO = INCLUDE_SOURCE;
				MTL_FAST_MATH = YES;
				ONLY_ACTIVE_ARCH = YES;
				SDKROOT = iphoneos;
				SWIFT_ACTIVE_COMPILATION_CONDITIONS = DEBUG;
				SWIFT_OPTIMIZATION_LEVEL = "-Onone";
			};
			name = Debug;
		};
		CD3E66A4298FE23A00434348 /* Release */ = {
			isa = XCBuildConfiguration;
			buildSettings = {
				ALWAYS_SEARCH_USER_PATHS = NO;
				CLANG_ANALYZER_NONNULL = YES;
				CLANG_ANALYZER_NUMBER_OBJECT_CONVERSION = YES_AGGRESSIVE;
				CLANG_CXX_LANGUAGE_STANDARD = "gnu++20";
				CLANG_ENABLE_MODULES = YES;
				CLANG_ENABLE_OBJC_ARC = YES;
				CLANG_ENABLE_OBJC_WEAK = YES;
				CLANG_WARN_BLOCK_CAPTURE_AUTORELEASING = YES;
				CLANG_WARN_BOOL_CONVERSION = YES;
				CLANG_WARN_COMMA = YES;
				CLANG_WARN_CONSTANT_CONVERSION = YES;
				CLANG_WARN_DEPRECATED_OBJC_IMPLEMENTATIONS = YES;
				CLANG_WARN_DIRECT_OBJC_ISA_USAGE = YES_ERROR;
				CLANG_WARN_DOCUMENTATION_COMMENTS = YES;
				CLANG_WARN_EMPTY_BODY = YES;
				CLANG_WARN_ENUM_CONVERSION = YES;
				CLANG_WARN_INFINITE_RECURSION = YES;
				CLANG_WARN_INT_CONVERSION = YES;
				CLANG_WARN_NON_LITERAL_NULL_CONVERSION = YES;
				CLANG_WARN_OBJC_IMPLICIT_RETAIN_SELF = YES;
				CLANG_WARN_OBJC_LITERAL_CONVERSION = YES;
				CLANG_WARN_OBJC_ROOT_CLASS = YES_ERROR;
				CLANG_WARN_QUOTED_INCLUDE_IN_FRAMEWORK_HEADER = YES;
				CLANG_WARN_RANGE_LOOP_ANALYSIS = YES;
				CLANG_WARN_STRICT_PROTOTYPES = YES;
				CLANG_WARN_SUSPICIOUS_MOVE = YES;
				CLANG_WARN_UNGUARDED_AVAILABILITY = YES_AGGRESSIVE;
				CLANG_WARN_UNREACHABLE_CODE = YES;
				CLANG_WARN__DUPLICATE_METHOD_MATCH = YES;
				COPY_PHASE_STRIP = NO;
				DEBUG_INFORMATION_FORMAT = "dwarf-with-dsym";
				ENABLE_NS_ASSERTIONS = NO;
				ENABLE_STRICT_OBJC_MSGSEND = YES;
				GCC_C_LANGUAGE_STANDARD = gnu11;
				GCC_NO_COMMON_BLOCKS = YES;
				GCC_WARN_64_TO_32_BIT_CONVERSION = YES;
				GCC_WARN_ABOUT_RETURN_TYPE = YES_ERROR;
				GCC_WARN_UNDECLARED_SELECTOR = YES;
				GCC_WARN_UNINITIALIZED_AUTOS = YES_AGGRESSIVE;
				GCC_WARN_UNUSED_FUNCTION = YES;
				GCC_WARN_UNUSED_VARIABLE = YES;
				IPHONEOS_DEPLOYMENT_TARGET = 16.0;
				MTL_ENABLE_DEBUG_INFO = NO;
				MTL_FAST_MATH = YES;
				SDKROOT = iphoneos;
				SWIFT_COMPILATION_MODE = wholemodule;
				SWIFT_OPTIMIZATION_LEVEL = "-O";
				VALIDATE_PRODUCT = YES;
			};
			name = Release;
		};
		CD3E66A6298FE23A00434348 /* Debug */ = {
			isa = XCBuildConfiguration;
			buildSettings = {
				ASSETCATALOG_COMPILER_APPICON_NAME = AppIcon;
				ASSETCATALOG_COMPILER_GLOBAL_ACCENT_COLOR_NAME = AccentColor;
				CODE_SIGN_STYLE = Automatic;
				CURRENT_PROJECT_VERSION = 1;
				GENERATE_INFOPLIST_FILE = YES;
				INFOPLIST_FILE = CApp/Info.plist;
				INFOPLIST_KEY_UIApplicationSupportsIndirectInputEvents = YES;
				INFOPLIST_KEY_UILaunchStoryboardName = LaunchScreen;
				INFOPLIST_KEY_UIMainStoryboardFile = Main;
				INFOPLIST_KEY_UISupportedInterfaceOrientations_iPad = "UIInterfaceOrientationPortrait UIInterfaceOrientationPortraitUpsideDown UIInterfaceOrientationLandscapeLeft UIInterfaceOrientationLandscapeRight";
				INFOPLIST_KEY_UISupportedInterfaceOrientations_iPhone = "UIInterfaceOrientationPortrait UIInterfaceOrientationLandscapeLeft UIInterfaceOrientationLandscapeRight";
				LD_RUNPATH_SEARCH_PATHS = (
					"$(inherited)",
					"@executable_path/Frameworks",
				);
				MARKETING_VERSION = 1.0;
				PRODUCT_BUNDLE_IDENTIFIER = com.emrekonukpay.CApp;
				PRODUCT_NAME = "$(TARGET_NAME)";
				SWIFT_EMIT_LOC_STRINGS = YES;
				SWIFT_VERSION = 5.0;
				TARGETED_DEVICE_FAMILY = "1,2";
			};
			name = Debug;
		};
		CD3E66A7298FE23A00434348 /* Release */ = {
			isa = XCBuildConfiguration;
			buildSettings = {
				ASSETCATALOG_COMPILER_APPICON_NAME = AppIcon;
				ASSETCATALOG_COMPILER_GLOBAL_ACCENT_COLOR_NAME = AccentColor;
				CODE_SIGN_STYLE = Automatic;
				CURRENT_PROJECT_VERSION = 1;
				GENERATE_INFOPLIST_FILE = YES;
				INFOPLIST_FILE = CApp/Info.plist;
				INFOPLIST_KEY_UIApplicationSupportsIndirectInputEvents = YES;
				INFOPLIST_KEY_UILaunchStoryboardName = LaunchScreen;
				INFOPLIST_KEY_UIMainStoryboardFile = Main;
				INFOPLIST_KEY_UISupportedInterfaceOrientations_iPad = "UIInterfaceOrientationPortrait UIInterfaceOrientationPortraitUpsideDown UIInterfaceOrientationLandscapeLeft UIInterfaceOrientationLandscapeRight";
				INFOPLIST_KEY_UISupportedInterfaceOrientations_iPhone = "UIInterfaceOrientationPortrait UIInterfaceOrientationLandscapeLeft UIInterfaceOrientationLandscapeRight";
				LD_RUNPATH_SEARCH_PATHS = (
					"$(inherited)",
					"@executable_path/Frameworks",
				);
				MARKETING_VERSION = 1.0;
				PRODUCT_BUNDLE_IDENTIFIER = com.emrekonukpay.CApp;
				PRODUCT_NAME = "$(TARGET_NAME)";
				SWIFT_EMIT_LOC_STRINGS = YES;
				SWIFT_VERSION = 5.0;
				TARGETED_DEVICE_FAMILY = "1,2";
			};
			name = Release;
		};
/* End XCBuildConfiguration section */

/* Begin XCConfigurationList section */
		CD3E668C298FE23900434348 /* Build configuration list for PBXProject "CApp" */ = {
			isa = XCConfigurationList;
			buildConfigurations = (
				CD3E66A3298FE23A00434348 /* Debug */,
				CD3E66A4298FE23A00434348 /* Release */,
			);
			defaultConfigurationIsVisible = 0;
			defaultConfigurationName = Release;
		};
		CD3E66A5298FE23A00434348 /* Build configuration list for PBXNativeTarget "CApp" */ = {
			isa = XCConfigurationList;
			buildConfigurations = (
				CD3E66A6298FE23A00434348 /* Debug */,
				CD3E66A7298FE23A00434348 /* Release */,
			);
			defaultConfigurationIsVisible = 0;
			defaultConfigurationName = Release;
		};
/* End XCConfigurationList section */
	};
	rootObject = CD3E6689298FE23900434348 /* Project object */;
}
